
Microsoft Visual Studio Solution File, Format Version 12.00
# Visual Studio Version 17
VisualStudioVersion = 17.8.34408.163
MinimumVisualStudioVersion = 10.0.40219.1
Project("{F184B08F-C81C-45F6-A57F-5ABD9991F28F}") = "Formularios", "Formularios\Formularios.vbproj", "{C6913626-C73A-4455-8524-331D0FB860E6}"
EndProject
Project("{F184B08F-C81C-45F6-A57F-5ABD9991F28F}") = "Entidades", "Entidades\Entidades.vbproj", "{98C81D5C-567E-4E26-9629-896FFF08D63F}"
EndProject
Project("{F184B08F-C81C-45F6-A57F-5ABD9991F28F}") = "GestionBd", "GestionBd\GestionBd.vbproj", "{1A8ACD07-C38D-4420-A220-6528622288E5}"
EndProject
Global
	GlobalSection(SolutionConfigurationPlatforms) = preSolution
		Debug|Any CPU = Debug|Any CPU
		Release|Any CPU = Release|Any CPU
	EndGlobalSection
	GlobalSection(ProjectConfigurationPlatforms) = postSolution
		{C6913626-C73A-4455-8524-331D0FB860E6}.Debug|Any CPU.ActiveCfg = Debug|Any CPU
		{C6913626-C73A-4455-8524-331D0FB860E6}.Debug|Any CPU.Build.0 = Debug|Any CPU
		{C6913626-C73A-4455-8524-331D0FB860E6}.Release|Any CPU.ActiveCfg = Release|Any CPU
		{C6913626-C73A-4455-8524-331D0FB860E6}.Release|Any CPU.Build.0 = Release|Any CPU
		{98C81D5C-567E-4E26-9629-896FFF08D63F}.Debug|Any CPU.ActiveCfg = Debug|Any CPU
		{98C81D5C-567E-4E26-9629-896FFF08D63F}.Debug|Any CPU.Build.0 = Debug|Any CPU
		{98C81D5C-567E-4E26-9629-896FFF08D63F}.Release|Any CPU.ActiveCfg = Release|Any CPU
		{98C81D5C-567E-4E26-9629-896FFF08D63F}.Release|Any CPU.Build.0 = Release|Any CPU
		{1A8ACD07-C38D-4420-A220-6528622288E5}.Debug|Any CPU.ActiveCfg = Debug|Any CPU
		{1A8ACD07-C38D-4420-A220-6528622288E5}.Debug|Any CPU.Build.0 = Debug|Any CPU
		{1A8ACD07-C38D-4420-A220-6528622288E5}.Release|Any CPU.ActiveCfg = Release|Any CPU
		{1A8ACD07-C38D-4420-A220-6528622288E5}.Release|Any CPU.Build.0 = Release|Any CPU
	EndGlobalSection
	GlobalSection(SolutionProperties) = preSolution
		HideSolutionNode = FALSE
	EndGlobalSection
	GlobalSection(ExtensibilityGlobals) = postSolution
		SolutionGuid = {C59F2736-C4CC-4EF0-95F1-D112F350895D}
	EndGlobalSection
EndGlobal
